
Microsoft Visual Studio Solution File, Format Version 12.00
# Visual Studio Version 16
VisualStudioVersion = 16.0.29102.190
MinimumVisualStudioVersion = 10.0.40219.1
Project("{2150E333-8FDC-42A3-9474-1A3956D46DE8}") = "Hosts", "Hosts", "{246CFAEF-265E-4A34-991D-56FA4A182B17}"
EndProject
Project("{2150E333-8FDC-42A3-9474-1A3956D46DE8}") = "Infrastructure", "Infrastructure", "{35545510-B94B-4437-A4ED-076BBC8ACF17}"
EndProject
Project("{2150E333-8FDC-42A3-9474-1A3956D46DE8}") = "Modules", "Modules", "{69286015-85D5-4AEB-8505-F09E1DBD4109}"
EndProject
Project("{9A19103F-16F7-4668-BE54-9A1E7A4F7556}") = "SD2411.KPI2019.Infrastructure", "src\Infrastructure\SD2411.KPI2019.Infrastructure\SD2411.KPI2019.Infrastructure.csproj", "{9EA876D6-1361-4A0E-A018-F5D14A4D4B93}"
EndProject
Project("{9A19103F-16F7-4668-BE54-9A1E7A4F7556}") = "SD2411.KPI2019.Module.Users", "src\Modules\SD2411.KPI2019.Module.Users\SD2411.KPI2019.Module.Users.csproj", "{E6B9F540-9499-42A3-8B12-C677550EAB26}"
EndProject
Project("{9A19103F-16F7-4668-BE54-9A1E7A4F7556}") = "SD2411.KPI2019.Module.Core", "src\Modules\SD2411.KPI2019.Module.Core\SD2411.KPI2019.Module.Core.csproj", "{5FCDF807-F5CD-44BB-95A3-7F7AC984A944}"
EndProject
Project("{9A19103F-16F7-4668-BE54-9A1E7A4F7556}") = "SD2411.KPI2019.HostStandard", "src\SD2411.KPI2019.HostStandard\SD2411.KPI2019.HostStandard.csproj", "{5A78C18A-EC3C-4E78-80BE-C885F0BA2AE3}"
EndProject
Project("{9A19103F-16F7-4668-BE54-9A1E7A4F7556}") = "SD2411.KPI2019.Module.Books", "src\Modules\SD2411.KPI2019.Module.Books\SD2411.KPI2019.Module.Books.csproj", "{2F593152-5E12-431F-BDFB-5083F63046C7}"
EndProject
Project("{9A19103F-16F7-4668-BE54-9A1E7A4F7556}") = "SD2411.KPI2019.Module.BookLending", "src\Modules\SD2411.KPI2019.Module.BookLending\SD2411.KPI2019.Module.BookLending.csproj", "{548D6D26-FD4E-4BE1-91CC-3D259D5C7AA2}"
EndProject
Project("{2150E333-8FDC-42A3-9474-1A3956D46DE8}") = "Tests", "Tests", "{CFB4EFC0-10D7-417E-9017-9DC8187FABBB}"
EndProject
Project("{FAE04EC0-301F-11D3-BF4B-00C04F79EFBC}") = "SD2411.KPI2019.Module.Users.Test", "src\Tests\SD2411.KPI2019.Module.Users.Test\SD2411.KPI2019.Module.Users.Test.csproj", "{DE13B9B2-BB5A-4B8F-9053-9C576697540F}"
EndProject
Global
	GlobalSection(SolutionConfigurationPlatforms) = preSolution
		Debug|Any CPU = Debug|Any CPU
		Release|Any CPU = Release|Any CPU
	EndGlobalSection
	GlobalSection(ProjectConfigurationPlatforms) = postSolution
		{9EA876D6-1361-4A0E-A018-F5D14A4D4B93}.Debug|Any CPU.ActiveCfg = Debug|Any CPU
		{9EA876D6-1361-4A0E-A018-F5D14A4D4B93}.Debug|Any CPU.Build.0 = Debug|Any CPU
		{9EA876D6-1361-4A0E-A018-F5D14A4D4B93}.Release|Any CPU.ActiveCfg = Debug|Any CPU
		{9EA876D6-1361-4A0E-A018-F5D14A4D4B93}.Release|Any CPU.Build.0 = Debug|Any CPU
		{E6B9F540-9499-42A3-8B12-C677550EAB26}.Debug|Any CPU.ActiveCfg = Debug|Any CPU
		{E6B9F540-9499-42A3-8B12-C677550EAB26}.Debug|Any CPU.Build.0 = Debug|Any CPU
		{E6B9F540-9499-42A3-8B12-C677550EAB26}.Release|Any CPU.ActiveCfg = Debug|Any CPU
		{E6B9F540-9499-42A3-8B12-C677550EAB26}.Release|Any CPU.Build.0 = Debug|Any CPU
		{5FCDF807-F5CD-44BB-95A3-7F7AC984A944}.Debug|Any CPU.ActiveCfg = Debug|Any CPU
		{5FCDF807-F5CD-44BB-95A3-7F7AC984A944}.Debug|Any CPU.Build.0 = Debug|Any CPU
		{5FCDF807-F5CD-44BB-95A3-7F7AC984A944}.Release|Any CPU.ActiveCfg = Debug|Any CPU
		{5FCDF807-F5CD-44BB-95A3-7F7AC984A944}.Release|Any CPU.Build.0 = Debug|Any CPU
		{5A78C18A-EC3C-4E78-80BE-C885F0BA2AE3}.Debug|Any CPU.ActiveCfg = Debug|Any CPU
		{5A78C18A-EC3C-4E78-80BE-C885F0BA2AE3}.Debug|Any CPU.Build.0 = Debug|Any CPU
		{5A78C18A-EC3C-4E78-80BE-C885F0BA2AE3}.Release|Any CPU.ActiveCfg = Debug|Any CPU
		{5A78C18A-EC3C-4E78-80BE-C885F0BA2AE3}.Release|Any CPU.Build.0 = Debug|Any CPU
		{2F593152-5E12-431F-BDFB-5083F63046C7}.Debug|Any CPU.ActiveCfg = Debug|Any CPU
		{2F593152-5E12-431F-BDFB-5083F63046C7}.Debug|Any CPU.Build.0 = Debug|Any CPU
		{2F593152-5E12-431F-BDFB-5083F63046C7}.Release|Any CPU.ActiveCfg = Debug|Any CPU
		{2F593152-5E12-431F-BDFB-5083F63046C7}.Release|Any CPU.Build.0 = Debug|Any CPU
		{548D6D26-FD4E-4BE1-91CC-3D259D5C7AA2}.Debug|Any CPU.ActiveCfg = Debug|Any CPU
		{548D6D26-FD4E-4BE1-91CC-3D259D5C7AA2}.Debug|Any CPU.Build.0 = Debug|Any CPU
		{548D6D26-FD4E-4BE1-91CC-3D259D5C7AA2}.Release|Any CPU.ActiveCfg = Debug|Any CPU
		{548D6D26-FD4E-4BE1-91CC-3D259D5C7AA2}.Release|Any CPU.Build.0 = Debug|Any CPU
		{DE13B9B2-BB5A-4B8F-9053-9C576697540F}.Debug|Any CPU.ActiveCfg = Debug|Any CPU
		{DE13B9B2-BB5A-4B8F-9053-9C576697540F}.Debug|Any CPU.Build.0 = Debug|Any CPU
		{DE13B9B2-BB5A-4B8F-9053-9C576697540F}.Release|Any CPU.ActiveCfg = Release|Any CPU
		{DE13B9B2-BB5A-4B8F-9053-9C576697540F}.Release|Any CPU.Build.0 = Release|Any CPU
	EndGlobalSection
	GlobalSection(SolutionProperties) = preSolution
		HideSolutionNode = FALSE
	EndGlobalSection
	GlobalSection(NestedProjects) = preSolution
		{9EA876D6-1361-4A0E-A018-F5D14A4D4B93} = {35545510-B94B-4437-A4ED-076BBC8ACF17}
		{E6B9F540-9499-42A3-8B12-C677550EAB26} = {69286015-85D5-4AEB-8505-F09E1DBD4109}
		{5FCDF807-F5CD-44BB-95A3-7F7AC984A944} = {69286015-85D5-4AEB-8505-F09E1DBD4109}
		{5A78C18A-EC3C-4E78-80BE-C885F0BA2AE3} = {246CFAEF-265E-4A34-991D-56FA4A182B17}
		{2F593152-5E12-431F-BDFB-5083F63046C7} = {69286015-85D5-4AEB-8505-F09E1DBD4109}
		{548D6D26-FD4E-4BE1-91CC-3D259D5C7AA2} = {69286015-85D5-4AEB-8505-F09E1DBD4109}
		{DE13B9B2-BB5A-4B8F-9053-9C576697540F} = {CFB4EFC0-10D7-417E-9017-9DC8187FABBB}
	EndGlobalSection
	GlobalSection(ExtensibilityGlobals) = postSolution
		SolutionGuid = {A656D8F8-D46D-412A-98C1-7FFF9270A23D}
	EndGlobalSection
EndGlobal
