
Microsoft Visual Studio Solution File, Format Version 12.00
# Visual Studio Version 16
VisualStudioVersion = 16.0.29102.190
MinimumVisualStudioVersion = 10.0.40219.1
Project("{FAE04EC0-301F-11D3-BF4B-00C04F79EFBC}") = "SD2411.KPI2019.Web", "SD2411.KPI2019.Web\SD2411.KPI2019.Web.csproj", "{15C08AEE-6399-4D7C-AEEA-4C1887C82943}"
EndProject
Global
	GlobalSection(SolutionConfigurationPlatforms) = preSolution
		Debug|Any CPU = Debug|Any CPU
		Release|Any CPU = Release|Any CPU
	EndGlobalSection
	GlobalSection(ProjectConfigurationPlatforms) = postSolution
		{15C08AEE-6399-4D7C-AEEA-4C1887C82943}.Debug|Any CPU.ActiveCfg = Debug|Any CPU
		{15C08AEE-6399-4D7C-AEEA-4C1887C82943}.Debug|Any CPU.Build.0 = Debug|Any CPU
		{15C08AEE-6399-4D7C-AEEA-4C1887C82943}.Release|Any CPU.ActiveCfg = Release|Any CPU
		{15C08AEE-6399-4D7C-AEEA-4C1887C82943}.Release|Any CPU.Build.0 = Release|Any CPU
	EndGlobalSection
	GlobalSection(SolutionProperties) = preSolution
		HideSolutionNode = FALSE
	EndGlobalSection
	GlobalSection(ExtensibilityGlobals) = postSolution
		SolutionGuid = {A656D8F8-D46D-412A-98C1-7FFF9270A23D}
	EndGlobalSection
EndGlobal
